
Microsoft Visual Studio Solution File, Format Version 12.00
# Visual Studio Version 17
VisualStudioVersion = 17.10.35013.160
MinimumVisualStudioVersion = 10.0.40219.1
Project("{8BC9CEB8-8B4A-11D0-8D11-00A0C91BC942}") = "SPH_CPP", "SPH_CPP\SPH_CPP.vcxproj", "{DA50D90D-105B-4448-9307-C1C112F44EB2}"
EndProject
Global
	GlobalSection(SolutionConfigurationPlatforms) = preSolution
		Debug|x64 = Debug|x64
		Debug|x86 = Debug|x86
		Release|x64 = Release|x64
		Release|x86 = Release|x86
	EndGlobalSection
	GlobalSection(ProjectConfigurationPlatforms) = postSolution
		{DA50D90D-105B-4448-9307-C1C112F44EB2}.Debug|x64.ActiveCfg = Debug|x64
		{DA50D90D-105B-4448-9307-C1C112F44EB2}.Debug|x64.Build.0 = Debug|x64
		{DA50D90D-105B-4448-9307-C1C112F44EB2}.Debug|x86.ActiveCfg = Debug|Win32
		{DA50D90D-105B-4448-9307-C1C112F44EB2}.Debug|x86.Build.0 = Debug|Win32
		{DA50D90D-105B-4448-9307-C1C112F44EB2}.Release|x64.ActiveCfg = Release|x64
		{DA50D90D-105B-4448-9307-C1C112F44EB2}.Release|x64.Build.0 = Release|x64
		{DA50D90D-105B-4448-9307-C1C112F44EB2}.Release|x86.ActiveCfg = Release|Win32
		{DA50D90D-105B-4448-9307-C1C112F44EB2}.Release|x86.Build.0 = Release|Win32
	EndGlobalSection
	GlobalSection(SolutionProperties) = preSolution
		HideSolutionNode = FALSE
	EndGlobalSection
	GlobalSection(ExtensibilityGlobals) = postSolution
		SolutionGuid = {2E778F76-4CE2-41C9-99FE-336E892FBE04}
	EndGlobalSection
EndGlobal
